{
  "name": "visual-app",
  "version": "1.0.0",
  "lockfileVersion": 3,
  "requires": true,
  "packages": {
    "": {
      "name": "visual-app",
      "version": "1.0.0",
      "dependencies": {
        "@cloudflare/d1": "^1.6.0"
      }
    },
    "node_modules/@cloudflare/d1": {
      "version": "1.6.0",
      "resolved": "https://registry.npmjs.org/@cloudflare/d1/-/d1-1.6.0.tgz",
      "integrity": "sha512-xxxxxxxxxxxxxxxxxxxxxxxxxxxxxxxxxxxxxxxxxxxxxxxxxxxx",
      "engines": {
        "node": ">=16"
      }
    }
  },
  "dependencies": {
    "@cloudflare/d1": {
      "version": "1.6.0",
      "resolved": "https://registry.npmjs.org/@cloudflare/d1/-/d1-1.6.0.tgz",
      "integrity": "sha512-xxxxxxxxxxxxxxxxxxxxxxxxxxxxxxxxxxxxxxxxxxxxxxxxxxxx"
    }
  }
}

